
Microsoft Visual Studio Solution File, Format Version 12.00
# Visual Studio Version 17
VisualStudioVersion = 17.4.33213.308
MinimumVisualStudioVersion = 10.0.40219.1
Project("{9A19103F-16F7-4668-BE54-9A1E7A4F7556}") = "DespachoJuridico", "DespachoJuridico\DespachoJuridico.csproj", "{AAC2BEED-71E4-4D5F-8439-2141A7D7FAE6}"
EndProject
Project("{9A19103F-16F7-4668-BE54-9A1E7A4F7556}") = "CapaMain", "CapaMain\CapaMain.csproj", "{4E6AF9CC-FACA-4CE4-8AA0-C322682149EF}"
EndProject
Global
	GlobalSection(SolutionConfigurationPlatforms) = preSolution
		Debug|Any CPU = Debug|Any CPU
		Release|Any CPU = Release|Any CPU
	EndGlobalSection
	GlobalSection(ProjectConfigurationPlatforms) = postSolution
		{AAC2BEED-71E4-4D5F-8439-2141A7D7FAE6}.Debug|Any CPU.ActiveCfg = Debug|Any CPU
		{AAC2BEED-71E4-4D5F-8439-2141A7D7FAE6}.Debug|Any CPU.Build.0 = Debug|Any CPU
		{AAC2BEED-71E4-4D5F-8439-2141A7D7FAE6}.Release|Any CPU.ActiveCfg = Release|Any CPU
		{AAC2BEED-71E4-4D5F-8439-2141A7D7FAE6}.Release|Any CPU.Build.0 = Release|Any CPU
		{4E6AF9CC-FACA-4CE4-8AA0-C322682149EF}.Debug|Any CPU.ActiveCfg = Debug|Any CPU
		{4E6AF9CC-FACA-4CE4-8AA0-C322682149EF}.Debug|Any CPU.Build.0 = Debug|Any CPU
		{4E6AF9CC-FACA-4CE4-8AA0-C322682149EF}.Release|Any CPU.ActiveCfg = Release|Any CPU
		{4E6AF9CC-FACA-4CE4-8AA0-C322682149EF}.Release|Any CPU.Build.0 = Release|Any CPU
	EndGlobalSection
	GlobalSection(SolutionProperties) = preSolution
		HideSolutionNode = FALSE
	EndGlobalSection
	GlobalSection(ExtensibilityGlobals) = postSolution
		SolutionGuid = {4FCAB5B2-57C0-422B-80B1-417D5690F304}
	EndGlobalSection
EndGlobal
